// !$*UTF8*$!
{
	archiveVersion = 1;
	classes = {
	};
	objectVersion = 46;
	objects = {

/* Begin PBXBuildFile section */
		F9FB3A691D4B06F5007B2E0C /* AppDelegate.swift in Sources */ = {isa = PBXBuildFile; fileRef = F9FB3A681D4B06F5007B2E0C /* AppDelegate.swift */; };
		F9FB3A6B1D4B06F5007B2E0C /* ViewController.swift in Sources */ = {isa = PBXBuildFile; fileRef = F9FB3A6A1D4B06F5007B2E0C /* ViewController.swift */; };
		F9FB3A6E1D4B06F5007B2E0C /* Main.storyboard in Resources */ = {isa = PBXBuildFile; fileRef = F9FB3A6C1D4B06F5007B2E0C /* Main.storyboard */; };
		F9FB3A701D4B06F5007B2E0C /* Assets.xcassets in Resources */ = {isa = PBXBuildFile; fileRef = F9FB3A6F1D4B06F5007B2E0C /* Assets.xcassets */; };
		F9FB3A731D4B06F5007B2E0C /* LaunchScreen.storyboard in Resources */ = {isa = PBXBuildFile; fileRef = F9FB3A711D4B06F5007B2E0C /* LaunchScreen.storyboard */; };
		F9FB3A7E1D4B06F5007B2E0C /* TBBZ_swiftUITests.swift in Sources */ = {isa = PBXBuildFile; fileRef = F9FB3A7D1D4B06F5007B2E0C /* TBBZ_swiftUITests.swift */; };
		F9FB3A8A1D5044E0007B2E0C /* SL.png in Resources */ = {isa = PBXBuildFile; fileRef = F9FB3A891D5044E0007B2E0C /* SL.png */; };
/* End PBXBuildFile section */

/* Begin PBXContainerItemProxy section */
		F9FB3A7A1D4B06F5007B2E0C /* PBXContainerItemProxy */ = {
			isa = PBXContainerItemProxy;
			containerPortal = F9FB3A5D1D4B06F5007B2E0C /* Project object */;
			proxyType = 1;
			remoteGlobalIDString = F9FB3A641D4B06F5007B2E0C;
			remoteInfo = TBBZ_swift;
		};
/* End PBXContainerItemProxy section */

/* Begin PBXFileReference section */
		F9A2F4CB1D519BF8007965A3 /* weather.playground */ = {isa = PBXFileReference; lastKnownFileType = file.playground; path = weather.playground; sourceTree = "<group>"; };
		F9FB3A651D4B06F5007B2E0C /* TBBZ_swift.app */ = {isa = PBXFileReference; explicitFileType = wrapper.application; includeInIndex = 0; path = TBBZ_swift.app; sourceTree = BUILT_PRODUCTS_DIR; };
		F9FB3A681D4B06F5007B2E0C /* AppDelegate.swift */ = {isa = PBXFileReference; lastKnownFileType = sourcecode.swift; path = AppDelegate.swift; sourceTree = "<group>"; };
		F9FB3A6A1D4B06F5007B2E0C /* ViewController.swift */ = {isa = PBXFileReference; lastKnownFileType = sourcecode.swift; path = ViewController.swift; sourceTree = "<group>"; };
		F9FB3A6D1D4B06F5007B2E0C /* Base */ = {isa = PBXFileReference; lastKnownFileType = file.storyboard; name = Base; path = Base.lproj/Main.storyboard; sourceTree = "<group>"; };
		F9FB3A6F1D4B06F5007B2E0C /* Assets.xcassets */ = {isa = PBXFileReference; lastKnownFileType = folder.assetcatalog; path = Assets.xcassets; sourceTree = "<group>"; };
		F9FB3A721D4B06F5007B2E0C /* Base */ = {isa = PBXFileReference; lastKnownFileType = file.storyboard; name = Base; path = Base.lproj/LaunchScreen.storyboard; sourceTree = "<group>"; };
		F9FB3A741D4B06F5007B2E0C /* Info.plist */ = {isa = PBXFileReference; lastKnownFileType = text.plist.xml; path = Info.plist; sourceTree = "<group>"; };
		F9FB3A791D4B06F5007B2E0C /* TBBZ_swiftUITests.xctest */ = {isa = PBXFileReference; explicitFileType = wrapper.cfbundle; includeInIndex = 0; path = TBBZ_swiftUITests.xctest; sourceTree = BUILT_PRODUCTS_DIR; };
		F9FB3A7D1D4B06F5007B2E0C /* TBBZ_swiftUITests.swift */ = {isa = PBXFileReference; lastKnownFileType = sourcecode.swift; path = TBBZ_swiftUITests.swift; sourceTree = "<group>"; };
		F9FB3A7F1D4B06F5007B2E0C /* Info.plist */ = {isa = PBXFileReference; lastKnownFileType = text.plist.xml; path = Info.plist; sourceTree = "<group>"; };
		F9FB3A891D5044E0007B2E0C /* SL.png */ = {isa = PBXFileReference; lastKnownFileType = image.png; path = SL.png; sourceTree = "<group>"; };
/* End PBXFileReference section */

/* Begin PBXFrameworksBuildPhase section */
		F9FB3A621D4B06F5007B2E0C /* Frameworks */ = {
			isa = PBXFrameworksBuildPhase;
			buildActionMask = 2147483647;
			files = (
			);
			runOnlyForDeploymentPostprocessing = 0;
		};
		F9FB3A761D4B06F5007B2E0C /* Frameworks */ = {
			isa = PBXFrameworksBuildPhase;
			buildActionMask = 2147483647;
			files = (
			);
			runOnlyForDeploymentPostprocessing = 0;
		};
/* End PBXFrameworksBuildPhase section */

/* Begin PBXGroup section */
		F9FB3A5C1D4B06F5007B2E0C = {
			isa = PBXGroup;
			children = (
				F9FB3A671D4B06F5007B2E0C /* TBBZ_swift */,
				F9FB3A7C1D4B06F5007B2E0C /* TBBZ_swiftUITests */,
				F9FB3A661D4B06F5007B2E0C /* Products */,
			);
			sourceTree = "<group>";
		};
		F9FB3A661D4B06F5007B2E0C /* Products */ = {
			isa = PBXGroup;
			children = (
				F9FB3A651D4B06F5007B2E0C /* TBBZ_swift.app */,
				F9FB3A791D4B06F5007B2E0C /* TBBZ_swiftUITests.xctest */,
			);
			name = Products;
			sourceTree = "<group>";
		};
		F9FB3A671D4B06F5007B2E0C /* TBBZ_swift */ = {
			isa = PBXGroup;
			children = (
				F9FB3A681D4B06F5007B2E0C /* AppDelegate.swift */,
				F9FB3A6A1D4B06F5007B2E0C /* ViewController.swift */,
				F9FB3A6C1D4B06F5007B2E0C /* Main.storyboard */,
				F9FB3A6F1D4B06F5007B2E0C /* Assets.xcassets */,
				F9FB3A711D4B06F5007B2E0C /* LaunchScreen.storyboard */,
				F9FB3A741D4B06F5007B2E0C /* Info.plist */,
				F9FB3A881D5044E0007B2E0C /* Resources */,
				F9A2F4CB1D519BF8007965A3 /* weather.playground */,
			);
			path = TBBZ_swift;
			sourceTree = "<group>";
		};
		F9FB3A7C1D4B06F5007B2E0C /* TBBZ_swiftUITests */ = {
			isa = PBXGroup;
			children = (
				F9FB3A7D1D4B06F5007B2E0C /* TBBZ_swiftUITests.swift */,
				F9FB3A7F1D4B06F5007B2E0C /* Info.plist */,
			);
			path = TBBZ_swiftUITests;
			sourceTree = "<group>";
		};
		F9FB3A881D5044E0007B2E0C /* Resources */ = {
			isa = PBXGroup;
			children = (
				F9FB3A891D5044E0007B2E0C /* SL.png */,
			);
			path = Resources;
			sourceTree = "<group>";
		};
/* End PBXGroup section */

/* Begin PBXNativeTarget section */
		F9FB3A641D4B06F5007B2E0C /* TBBZ_swift */ = {
			isa = PBXNativeTarget;
			buildConfigurationList = F9FB3A821D4B06F5007B2E0C /* Build configuration list for PBXNativeTarget "TBBZ_swift" */;
			buildPhases = (
				F9FB3A611D4B06F5007B2E0C /* Sources */,
				F9FB3A621D4B06F5007B2E0C /* Frameworks */,
				F9FB3A631D4B06F5007B2E0C /* Resources */,
			);
			buildRules = (
			);
			dependencies = (
			);
			name = TBBZ_swift;
			productName = TBBZ_swift;
			productReference = F9FB3A651D4B06F5007B2E0C /* TBBZ_swift.app */;
			productType = "com.apple.product-type.application";
		};
		F9FB3A781D4B06F5007B2E0C /* TBBZ_swiftUITests */ = {
			isa = PBXNativeTarget;
			buildConfigurationList = F9FB3A851D4B06F5007B2E0C /* Build configuration list for PBXNativeTarget "TBBZ_swiftUITests" */;
			buildPhases = (
				F9FB3A751D4B06F5007B2E0C /* Sources */,
				F9FB3A761D4B06F5007B2E0C /* Frameworks */,
				F9FB3A771D4B06F5007B2E0C /* Resources */,
			);
			buildRules = (
			);
			dependencies = (
				F9FB3A7B1D4B06F5007B2E0C /* PBXTargetDependency */,
			);
			name = TBBZ_swiftUITests;
			productName = TBBZ_swiftUITests;
			productReference = F9FB3A791D4B06F5007B2E0C /* TBBZ_swiftUITests.xctest */;
			productType = "com.apple.product-type.bundle.ui-testing";
		};
/* End PBXNativeTarget section */

/* Begin PBXProject section */
		F9FB3A5D1D4B06F5007B2E0C /* Project object */ = {
			isa = PBXProject;
			attributes = {
				LastSwiftUpdateCheck = 0730;
				LastUpgradeCheck = 0730;
				ORGANIZATIONNAME = taobao;
				TargetAttributes = {
					F9FB3A641D4B06F5007B2E0C = {
						CreatedOnToolsVersion = 7.3.1;
						DevelopmentTeam = DHVZ2PJ8DC;
						LastSwiftMigration = 0800;
					};
					F9FB3A781D4B06F5007B2E0C = {
						CreatedOnToolsVersion = 7.3.1;
						DevelopmentTeam = DHVZ2PJ8DC;
						LastSwiftMigration = 0800;
						TestTargetID = F9FB3A641D4B06F5007B2E0C;
					};
				};
			};
			buildConfigurationList = F9FB3A601D4B06F5007B2E0C /* Build configuration list for PBXProject "TBBZ_swift" */;
			compatibilityVersion = "Xcode 3.2";
			developmentRegion = English;
			hasScannedForEncodings = 0;
			knownRegions = (
				en,
				Base,
			);
			mainGroup = F9FB3A5C1D4B06F5007B2E0C;
			productRefGroup = F9FB3A661D4B06F5007B2E0C /* Products */;
			projectDirPath = "";
			projectRoot = "";
			targets = (
				F9FB3A641D4B06F5007B2E0C /* TBBZ_swift */,
				F9FB3A781D4B06F5007B2E0C /* TBBZ_swiftUITests */,
			);
		};
/* End PBXProject section */

/* Begin PBXResourcesBuildPhase section */
		F9FB3A631D4B06F5007B2E0C /* Resources */ = {
			isa = PBXResourcesBuildPhase;
			buildActionMask = 2147483647;
			files = (
				F9FB3A8A1D5044E0007B2E0C /* SL.png in Resources */,
				F9FB3A731D4B06F5007B2E0C /* LaunchScreen.storyboard in Resources */,
				F9FB3A701D4B06F5007B2E0C /* Assets.xcassets in Resources */,
				F9FB3A6E1D4B06F5007B2E0C /* Main.storyboard in Resources */,
			);
			runOnlyForDeploymentPostprocessing = 0;
		};
		F9FB3A771D4B06F5007B2E0C /* Resources */ = {
			isa = PBXResourcesBuildPhase;
			buildActionMask = 2147483647;
			files = (
			);
			runOnlyForDeploymentPostprocessing = 0;
		};
/* End PBXResourcesBuildPhase section */

/* Begin PBXSourcesBuildPhase section */
		F9FB3A611D4B06F5007B2E0C /* Sources */ = {
			isa = PBXSourcesBuildPhase;
			buildActionMask = 2147483647;
			files = (
				F9FB3A6B1D4B06F5007B2E0C /* ViewController.swift in Sources */,
				F9FB3A691D4B06F5007B2E0C /* AppDelegate.swift in Sources */,
			);
			runOnlyForDeploymentPostprocessing = 0;
		};
		F9FB3A751D4B06F5007B2E0C /* Sources */ = {
			isa = PBXSourcesBuildPhase;
			buildActionMask = 2147483647;
			files = (
				F9FB3A7E1D4B06F5007B2E0C /* TBBZ_swiftUITests.swift in Sources */,
			);
			runOnlyForDeploymentPostprocessing = 0;
		};
/* End PBXSourcesBuildPhase section */

/* Begin PBXTargetDependency section */
		F9FB3A7B1D4B06F5007B2E0C /* PBXTargetDependency */ = {
			isa = PBXTargetDependency;
			target = F9FB3A641D4B06F5007B2E0C /* TBBZ_swift */;
			targetProxy = F9FB3A7A1D4B06F5007B2E0C /* PBXContainerItemProxy */;
		};
/* End PBXTargetDependency section */

/* Begin PBXVariantGroup section */
		F9FB3A6C1D4B06F5007B2E0C /* Main.storyboard */ = {
			isa = PBXVariantGroup;
			children = (
				F9FB3A6D1D4B06F5007B2E0C /* Base */,
			);
			name = Main.storyboard;
			sourceTree = "<group>";
		};
		F9FB3A711D4B06F5007B2E0C /* LaunchScreen.storyboard */ = {
			isa = PBXVariantGroup;
			children = (
				F9FB3A721D4B06F5007B2E0C /* Base */,
			);
			name = LaunchScreen.storyboard;
			sourceTree = "<group>";
		};
/* End PBXVariantGroup section */

/* Begin XCBuildConfiguration section */
		F9FB3A801D4B06F5007B2E0C /* Debug */ = {
			isa = XCBuildConfiguration;
			buildSettings = {
				ALWAYS_SEARCH_USER_PATHS = NO;
				CLANG_ANALYZER_NONNULL = YES;
				CLANG_CXX_LANGUAGE_STANDARD = "gnu++0x";
				CLANG_CXX_LIBRARY = "libc++";
				CLANG_ENABLE_MODULES = YES;
				CLANG_ENABLE_OBJC_ARC = YES;
				CLANG_WARN_BOOL_CONVERSION = YES;
				CLANG_WARN_CONSTANT_CONVERSION = YES;
				CLANG_WARN_DIRECT_OBJC_ISA_USAGE = YES_ERROR;
				CLANG_WARN_EMPTY_BODY = YES;
				CLANG_WARN_ENUM_CONVERSION = YES;
				CLANG_WARN_INT_CONVERSION = YES;
				CLANG_WARN_OBJC_ROOT_CLASS = YES_ERROR;
				CLANG_WARN_UNREACHABLE_CODE = YES;
				CLANG_WARN__DUPLICATE_METHOD_MATCH = YES;
				"CODE_SIGN_IDENTITY[sdk=iphoneos*]" = "iPhone Developer";
				COPY_PHASE_STRIP = NO;
				DEBUG_INFORMATION_FORMAT = dwarf;
				ENABLE_STRICT_OBJC_MSGSEND = YES;
				ENABLE_TESTABILITY = YES;
				GCC_C_LANGUAGE_STANDARD = gnu99;
				GCC_DYNAMIC_NO_PIC = NO;
				GCC_NO_COMMON_BLOCKS = YES;
				GCC_OPTIMIZATION_LEVEL = 0;
				GCC_PREPROCESSOR_DEFINITIONS = (
					"DEBUG=1",
					"$(inherited)",
				);
				GCC_WARN_64_TO_32_BIT_CONVERSION = YES;
				GCC_WARN_ABOUT_RETURN_TYPE = YES_ERROR;
				GCC_WARN_UNDECLARED_SELECTOR = YES;
				GCC_WARN_UNINITIALIZED_AUTOS = YES_AGGRESSIVE;
				GCC_WARN_UNUSED_FUNCTION = YES;
				GCC_WARN_UNUSED_VARIABLE = YES;
				IPHONEOS_DEPLOYMENT_TARGET = 9.3;
				MTL_ENABLE_DEBUG_INFO = YES;
				ONLY_ACTIVE_ARCH = YES;
				SDKROOT = iphoneos;
				SWIFT_OPTIMIZATION_LEVEL = "-Onone";
			};
			name = Debug;
		};
		F9FB3A811D4B06F5007B2E0C /* Release */ = {
			isa = XCBuildConfiguration;
			buildSettings = {
				ALWAYS_SEARCH_USER_PATHS = NO;
				CLANG_ANALYZER_NONNULL = YES;
				CLANG_CXX_LANGUAGE_STANDARD = "gnu++0x";
				CLANG_CXX_LIBRARY = "libc++";
				CLANG_ENABLE_MODULES = YES;
				CLANG_ENABLE_OBJC_ARC = YES;
				CLANG_WARN_BOOL_CONVERSION = YES;
				CLANG_WARN_CONSTANT_CONVERSION = YES;
				CLANG_WARN_DIRECT_OBJC_ISA_USAGE = YES_ERROR;
				CLANG_WARN_EMPTY_BODY = YES;
				CLANG_WARN_ENUM_CONVERSION = YES;
				CLANG_WARN_INT_CONVERSION = YES;
				CLANG_WARN_OBJC_ROOT_CLASS = YES_ERROR;
				CLANG_WARN_UNREACHABLE_CODE = YES;
				CLANG_WARN__DUPLICATE_METHOD_MATCH = YES;
				"CODE_SIGN_IDENTITY[sdk=iphoneos*]" = "iPhone Developer";
				COPY_PHASE_STRIP = NO;
				DEBUG_INFORMATION_FORMAT = "dwarf-with-dsym";
				ENABLE_NS_ASSERTIONS = NO;
				ENABLE_STRICT_OBJC_MSGSEND = YES;
				GCC_C_LANGUAGE_STANDARD = gnu99;
				GCC_NO_COMMON_BLOCKS = YES;
				GCC_WARN_64_TO_32_BIT_CONVERSION = YES;
				GCC_WARN_ABOUT_RETURN_TYPE = YES_ERROR;
				GCC_WARN_UNDECLARED_SELECTOR = YES;
				GCC_WARN_UNINITIALIZED_AUTOS = YES_AGGRESSIVE;
				GCC_WARN_UNUSED_FUNCTION = YES;
				GCC_WARN_UNUSED_VARIABLE = YES;
				IPHONEOS_DEPLOYMENT_TARGET = 9.3;
				MTL_ENABLE_DEBUG_INFO = NO;
				SDKROOT = iphoneos;
				VALIDATE_PRODUCT = YES;
			};
			name = Release;
		};
		F9FB3A831D4B06F5007B2E0C /* Debug */ = {
			isa = XCBuildConfiguration;
			buildSettings = {
				ASSETCATALOG_COMPILER_APPICON_NAME = AppIcon;
				INFOPLIST_FILE = TBBZ_swift/Info.plist;
				LD_RUNPATH_SEARCH_PATHS = "$(inherited) @executable_path/Frameworks";
				PRODUCT_BUNDLE_IDENTIFIER = "com.taobao.TBBZ-swift";
				PRODUCT_NAME = "$(TARGET_NAME)";
				SWIFT_VERSION = 3.0;
			};
			name = Debug;
		};
		F9FB3A841D4B06F5007B2E0C /* Release */ = {
			isa = XCBuildConfiguration;
			buildSettings = {
				ASSETCATALOG_COMPILER_APPICON_NAME = AppIcon;
				INFOPLIST_FILE = TBBZ_swift/Info.plist;
				LD_RUNPATH_SEARCH_PATHS = "$(inherited) @executable_path/Frameworks";
				PRODUCT_BUNDLE_IDENTIFIER = "com.taobao.TBBZ-swift";
				PRODUCT_NAME = "$(TARGET_NAME)";
				SWIFT_VERSION = 3.0;
			};
			name = Release;
		};
		F9FB3A861D4B06F5007B2E0C /* Debug */ = {
			isa = XCBuildConfiguration;
			buildSettings = {
				INFOPLIST_FILE = TBBZ_swiftUITests/Info.plist;
				LD_RUNPATH_SEARCH_PATHS = "$(inherited) @executable_path/Frameworks @loader_path/Frameworks";
				PRODUCT_BUNDLE_IDENTIFIER = "com.taobao.TBBZ-swiftUITests";
				PRODUCT_NAME = "$(TARGET_NAME)";
				SWIFT_VERSION = 3.0;
				TEST_TARGET_NAME = TBBZ_swift;
			};
			name = Debug;
		};
		F9FB3A871D4B06F5007B2E0C /* Release */ = {
			isa = XCBuildConfiguration;
			buildSettings = {
				INFOPLIST_FILE = TBBZ_swiftUITests/Info.plist;
				LD_RUNPATH_SEARCH_PATHS = "$(inherited) @executable_path/Frameworks @loader_path/Frameworks";
				PRODUCT_BUNDLE_IDENTIFIER = "com.taobao.TBBZ-swiftUITests";
				PRODUCT_NAME = "$(TARGET_NAME)";
				SWIFT_VERSION = 3.0;
				TEST_TARGET_NAME = TBBZ_swift;
			};
			name = Release;
		};
/* End XCBuildConfiguration section */

/* Begin XCConfigurationList section */
		F9FB3A601D4B06F5007B2E0C /* Build configuration list for PBXProject "TBBZ_swift" */ = {
			isa = XCConfigurationList;
			buildConfigurations = (
				F9FB3A801D4B06F5007B2E0C /* Debug */,
				F9FB3A811D4B06F5007B2E0C /* Release */,
			);
			defaultConfigurationIsVisible = 0;
			defaultConfigurationName = Release;
		};
		F9FB3A821D4B06F5007B2E0C /* Build configuration list for PBXNativeTarget "TBBZ_swift" */ = {
			isa = XCConfigurationList;
			buildConfigurations = (
				F9FB3A831D4B06F5007B2E0C /* Debug */,
				F9FB3A841D4B06F5007B2E0C /* Release */,
			);
			defaultConfigurationIsVisible = 0;
			defaultConfigurationName = Release;
		};
		F9FB3A851D4B06F5007B2E0C /* Build configuration list for PBXNativeTarget "TBBZ_swiftUITests" */ = {
			isa = XCConfigurationList;
			buildConfigurations = (
				F9FB3A861D4B06F5007B2E0C /* Debug */,
				F9FB3A871D4B06F5007B2E0C /* Release */,
			);
			defaultConfigurationIsVisible = 0;
			defaultConfigurationName = Release;
		};
/* End XCConfigurationList section */
	};
	rootObject = F9FB3A5D1D4B06F5007B2E0C /* Project object */;
}
